
Microsoft Visual Studio Solution File, Format Version 12.00
Project("{2150E333-8FDC-42A3-9474-1A3956D46DE8}") = "Solution Items", "Solution Items", "{EFB771AE-6945-4ADD-873B-B1B0EFC6AC76}"
	ProjectSection(SolutionItems) = preProject
		compose.yaml = compose.yaml
	EndProjectSection
EndProject
Project("{FAE04EC0-301F-11D3-BF4B-00C04F79EFBC}") = "DbCourseWork.Core", "DbCourseWork.Core\DbCourseWork.Core.csproj", "{489D64C2-5F92-48B7-B6F4-E2BC2D6AB65D}"
EndProject
Project("{FAE04EC0-301F-11D3-BF4B-00C04F79EFBC}") = "DbCourseWork.Utils", "DbCourseWork.Utils\DbCourseWork.Utils.csproj", "{8E1BD996-1D79-4AA2-B230-2FD05F6A6A84}"
EndProject
Project("{FAE04EC0-301F-11D3-BF4B-00C04F79EFBC}") = "DbCourseWork.Data", "DbCourseWork.Data\DbCourseWork.Data.csproj", "{FA7F08B0-8897-429D-82FE-F97AFB97977D}"
EndProject
Project("{FAE04EC0-301F-11D3-BF4B-00C04F79EFBC}") = "DbCourseWork.Services", "DbCourseWork.Services\DbCourseWork.Services.csproj", "{14A46C9B-02CE-402D-86BE-9FF0395F266D}"
EndProject
Project("{FAE04EC0-301F-11D3-BF4B-00C04F79EFBC}") = "DbCourseWork.App", "WebUI\DbCourseWork.App\DbCourseWork.App.csproj", "{90DA4911-8580-4A32-B4AD-E0CBAEC4A9DB}"
EndProject
Global
	GlobalSection(SolutionConfigurationPlatforms) = preSolution
		Debug|Any CPU = Debug|Any CPU
		Release|Any CPU = Release|Any CPU
	EndGlobalSection
	GlobalSection(ProjectConfigurationPlatforms) = postSolution
		{489D64C2-5F92-48B7-B6F4-E2BC2D6AB65D}.Debug|Any CPU.ActiveCfg = Debug|Any CPU
		{489D64C2-5F92-48B7-B6F4-E2BC2D6AB65D}.Debug|Any CPU.Build.0 = Debug|Any CPU
		{489D64C2-5F92-48B7-B6F4-E2BC2D6AB65D}.Release|Any CPU.ActiveCfg = Release|Any CPU
		{489D64C2-5F92-48B7-B6F4-E2BC2D6AB65D}.Release|Any CPU.Build.0 = Release|Any CPU
		{8E1BD996-1D79-4AA2-B230-2FD05F6A6A84}.Debug|Any CPU.ActiveCfg = Debug|Any CPU
		{8E1BD996-1D79-4AA2-B230-2FD05F6A6A84}.Debug|Any CPU.Build.0 = Debug|Any CPU
		{8E1BD996-1D79-4AA2-B230-2FD05F6A6A84}.Release|Any CPU.ActiveCfg = Release|Any CPU
		{8E1BD996-1D79-4AA2-B230-2FD05F6A6A84}.Release|Any CPU.Build.0 = Release|Any CPU
		{FA7F08B0-8897-429D-82FE-F97AFB97977D}.Debug|Any CPU.ActiveCfg = Debug|Any CPU
		{FA7F08B0-8897-429D-82FE-F97AFB97977D}.Debug|Any CPU.Build.0 = Debug|Any CPU
		{FA7F08B0-8897-429D-82FE-F97AFB97977D}.Release|Any CPU.ActiveCfg = Release|Any CPU
		{FA7F08B0-8897-429D-82FE-F97AFB97977D}.Release|Any CPU.Build.0 = Release|Any CPU
		{14A46C9B-02CE-402D-86BE-9FF0395F266D}.Debug|Any CPU.ActiveCfg = Debug|Any CPU
		{14A46C9B-02CE-402D-86BE-9FF0395F266D}.Debug|Any CPU.Build.0 = Debug|Any CPU
		{14A46C9B-02CE-402D-86BE-9FF0395F266D}.Release|Any CPU.ActiveCfg = Release|Any CPU
		{14A46C9B-02CE-402D-86BE-9FF0395F266D}.Release|Any CPU.Build.0 = Release|Any CPU
		{90DA4911-8580-4A32-B4AD-E0CBAEC4A9DB}.Debug|Any CPU.ActiveCfg = Debug|Any CPU
		{90DA4911-8580-4A32-B4AD-E0CBAEC4A9DB}.Debug|Any CPU.Build.0 = Debug|Any CPU
		{90DA4911-8580-4A32-B4AD-E0CBAEC4A9DB}.Release|Any CPU.ActiveCfg = Release|Any CPU
		{90DA4911-8580-4A32-B4AD-E0CBAEC4A9DB}.Release|Any CPU.Build.0 = Release|Any CPU
	EndGlobalSection
EndGlobal
